// !$*UTF8*$!
{
	archiveVersion = 1;
	classes = {
	};
	objectVersion = 56;
	objects = {

/* Begin PBXBuildFile section */
		671487C929BE508800B89CAF /* ReduxViewModel.swift in Sources */ = {isa = PBXBuildFile; fileRef = 671487C829BE508800B89CAF /* ReduxViewModel.swift */; };
		671487CF29BE508F00B89CAF /* Epic.swift in Sources */ = {isa = PBXBuildFile; fileRef = 671487CA29BE508F00B89CAF /* Epic.swift */; };
		671487D029BE508F00B89CAF /* Store.swift in Sources */ = {isa = PBXBuildFile; fileRef = 671487CB29BE508F00B89CAF /* Store.swift */; };
		671487D129BE508F00B89CAF /* Reducer.swift in Sources */ = {isa = PBXBuildFile; fileRef = 671487CC29BE508F00B89CAF /* Reducer.swift */; };
		671487D229BE508F00B89CAF /* Middleware.swift in Sources */ = {isa = PBXBuildFile; fileRef = 671487CD29BE508F00B89CAF /* Middleware.swift */; };
		671487D329BE508F00B89CAF /* EpicMiddleware.swift in Sources */ = {isa = PBXBuildFile; fileRef = 671487CE29BE508F00B89CAF /* EpicMiddleware.swift */; };
		671487D529BE511D00B89CAF /* VideoWaveReducer.swift in Sources */ = {isa = PBXBuildFile; fileRef = 671487D429BE511D00B89CAF /* VideoWaveReducer.swift */; };
		671487D729BE54B900B89CAF /* VideoWaveFeedView.swift in Sources */ = {isa = PBXBuildFile; fileRef = 671487D629BE54B900B89CAF /* VideoWaveFeedView.swift */; };
		671487D929BE55F000B89CAF /* VideoWaveUDFViewController.swift in Sources */ = {isa = PBXBuildFile; fileRef = 671487D829BE55F000B89CAF /* VideoWaveUDFViewController.swift */; };
		671487DB29BE6C1900B89CAF /* VideoWavePlayerEpic.swift in Sources */ = {isa = PBXBuildFile; fileRef = 671487DA29BE6C1900B89CAF /* VideoWavePlayerEpic.swift */; };
		671487DD29BE6C3A00B89CAF /* VideoWavePreloadEpic.swift in Sources */ = {isa = PBXBuildFile; fileRef = 671487DC29BE6C3A00B89CAF /* VideoWavePreloadEpic.swift */; };
		677170BA299BB43300C18CC9 /* AppDelegate.swift in Sources */ = {isa = PBXBuildFile; fileRef = 677170B9299BB43300C18CC9 /* AppDelegate.swift */; };
		677170BE299BB43300C18CC9 /* VideoWaveMVPViewController.swift in Sources */ = {isa = PBXBuildFile; fileRef = 677170BD299BB43300C18CC9 /* VideoWaveMVPViewController.swift */; };
		677170C3299BB43500C18CC9 /* Assets.xcassets in Resources */ = {isa = PBXBuildFile; fileRef = 677170C2299BB43500C18CC9 /* Assets.xcassets */; };
		677170C6299BB43500C18CC9 /* LaunchScreen.storyboard in Resources */ = {isa = PBXBuildFile; fileRef = 677170C4299BB43500C18CC9 /* LaunchScreen.storyboard */; };
		677170CE299BB78800C18CC9 /* VideoWavePresenter.swift in Sources */ = {isa = PBXBuildFile; fileRef = 677170CD299BB78800C18CC9 /* VideoWavePresenter.swift */; };
		677170D8299BBA4C00C18CC9 /* VideoWaveLoadingCell.swift in Sources */ = {isa = PBXBuildFile; fileRef = 677170D7299BBA4C00C18CC9 /* VideoWaveLoadingCell.swift */; };
		677170DA299BBA5700C18CC9 /* VideoWavePlayingVideoCell.swift in Sources */ = {isa = PBXBuildFile; fileRef = 677170D9299BBA5700C18CC9 /* VideoWavePlayingVideoCell.swift */; };
		677170DC299BBA6100C18CC9 /* VideoWaveVideoCell.swift in Sources */ = {isa = PBXBuildFile; fileRef = 677170DB299BBA6100C18CC9 /* VideoWaveVideoCell.swift */; };
		677170DF299D1CDF00C18CC9 /* UITableView+Utils.swift in Sources */ = {isa = PBXBuildFile; fileRef = 677170DE299D1CDF00C18CC9 /* UITableView+Utils.swift */; };
		677170E1299D1CF600C18CC9 /* Collection+Utils.swift in Sources */ = {isa = PBXBuildFile; fileRef = 677170E0299D1CF600C18CC9 /* Collection+Utils.swift */; };
		677170E5299D366400C18CC9 /* WeakSequence.swift in Sources */ = {isa = PBXBuildFile; fileRef = 677170E4299D366400C18CC9 /* WeakSequence.swift */; };
		677170E7299D36D800C18CC9 /* Weak.swift in Sources */ = {isa = PBXBuildFile; fileRef = 677170E6299D36D800C18CC9 /* Weak.swift */; };
		677170E9299D372000C18CC9 /* Locking.swift in Sources */ = {isa = PBXBuildFile; fileRef = 677170E8299D372000C18CC9 /* Locking.swift */; };
		677170EB299D382200C18CC9 /* VideoRepository.swift in Sources */ = {isa = PBXBuildFile; fileRef = 677170EA299D382200C18CC9 /* VideoRepository.swift */; };
		677170ED299D403D00C18CC9 /* VideoPlayer.swift in Sources */ = {isa = PBXBuildFile; fileRef = 677170EC299D403D00C18CC9 /* VideoPlayer.swift */; };
/* End PBXBuildFile section */

/* Begin PBXFileReference section */
		671487C829BE508800B89CAF /* ReduxViewModel.swift */ = {isa = PBXFileReference; fileEncoding = 4; lastKnownFileType = sourcecode.swift; path = ReduxViewModel.swift; sourceTree = "<group>"; };
		671487CA29BE508F00B89CAF /* Epic.swift */ = {isa = PBXFileReference; fileEncoding = 4; lastKnownFileType = sourcecode.swift; path = Epic.swift; sourceTree = "<group>"; };
		671487CB29BE508F00B89CAF /* Store.swift */ = {isa = PBXFileReference; fileEncoding = 4; lastKnownFileType = sourcecode.swift; path = Store.swift; sourceTree = "<group>"; };
		671487CC29BE508F00B89CAF /* Reducer.swift */ = {isa = PBXFileReference; fileEncoding = 4; lastKnownFileType = sourcecode.swift; path = Reducer.swift; sourceTree = "<group>"; };
		671487CD29BE508F00B89CAF /* Middleware.swift */ = {isa = PBXFileReference; fileEncoding = 4; lastKnownFileType = sourcecode.swift; path = Middleware.swift; sourceTree = "<group>"; };
		671487CE29BE508F00B89CAF /* EpicMiddleware.swift */ = {isa = PBXFileReference; fileEncoding = 4; lastKnownFileType = sourcecode.swift; path = EpicMiddleware.swift; sourceTree = "<group>"; };
		671487D429BE511D00B89CAF /* VideoWaveReducer.swift */ = {isa = PBXFileReference; lastKnownFileType = sourcecode.swift; path = VideoWaveReducer.swift; sourceTree = "<group>"; };
		671487D629BE54B900B89CAF /* VideoWaveFeedView.swift */ = {isa = PBXFileReference; lastKnownFileType = sourcecode.swift; path = VideoWaveFeedView.swift; sourceTree = "<group>"; };
		671487D829BE55F000B89CAF /* VideoWaveUDFViewController.swift */ = {isa = PBXFileReference; lastKnownFileType = sourcecode.swift; path = VideoWaveUDFViewController.swift; sourceTree = "<group>"; };
		671487DA29BE6C1900B89CAF /* VideoWavePlayerEpic.swift */ = {isa = PBXFileReference; lastKnownFileType = sourcecode.swift; path = VideoWavePlayerEpic.swift; sourceTree = "<group>"; };
		671487DC29BE6C3A00B89CAF /* VideoWavePreloadEpic.swift */ = {isa = PBXFileReference; lastKnownFileType = sourcecode.swift; path = VideoWavePreloadEpic.swift; sourceTree = "<group>"; };
		677170B6299BB43300C18CC9 /* VideoWave.app */ = {isa = PBXFileReference; explicitFileType = wrapper.application; includeInIndex = 0; path = VideoWave.app; sourceTree = BUILT_PRODUCTS_DIR; };
		677170B9299BB43300C18CC9 /* AppDelegate.swift */ = {isa = PBXFileReference; lastKnownFileType = sourcecode.swift; path = AppDelegate.swift; sourceTree = "<group>"; };
		677170BD299BB43300C18CC9 /* VideoWaveMVPViewController.swift */ = {isa = PBXFileReference; lastKnownFileType = sourcecode.swift; path = VideoWaveMVPViewController.swift; sourceTree = "<group>"; };
		677170C2299BB43500C18CC9 /* Assets.xcassets */ = {isa = PBXFileReference; lastKnownFileType = folder.assetcatalog; path = Assets.xcassets; sourceTree = "<group>"; };
		677170C5299BB43500C18CC9 /* Base */ = {isa = PBXFileReference; lastKnownFileType = file.storyboard; name = Base; path = Base.lproj/LaunchScreen.storyboard; sourceTree = "<group>"; };
		677170C7299BB43500C18CC9 /* Info.plist */ = {isa = PBXFileReference; lastKnownFileType = text.plist.xml; path = Info.plist; sourceTree = "<group>"; };
		677170CD299BB78800C18CC9 /* VideoWavePresenter.swift */ = {isa = PBXFileReference; lastKnownFileType = sourcecode.swift; path = VideoWavePresenter.swift; sourceTree = "<group>"; };
		677170D7299BBA4C00C18CC9 /* VideoWaveLoadingCell.swift */ = {isa = PBXFileReference; lastKnownFileType = sourcecode.swift; path = VideoWaveLoadingCell.swift; sourceTree = "<group>"; };
		677170D9299BBA5700C18CC9 /* VideoWavePlayingVideoCell.swift */ = {isa = PBXFileReference; lastKnownFileType = sourcecode.swift; path = VideoWavePlayingVideoCell.swift; sourceTree = "<group>"; };
		677170DB299BBA6100C18CC9 /* VideoWaveVideoCell.swift */ = {isa = PBXFileReference; lastKnownFileType = sourcecode.swift; path = VideoWaveVideoCell.swift; sourceTree = "<group>"; };
		677170DE299D1CDF00C18CC9 /* UITableView+Utils.swift */ = {isa = PBXFileReference; lastKnownFileType = sourcecode.swift; path = "UITableView+Utils.swift"; sourceTree = "<group>"; };
		677170E0299D1CF600C18CC9 /* Collection+Utils.swift */ = {isa = PBXFileReference; lastKnownFileType = sourcecode.swift; path = "Collection+Utils.swift"; sourceTree = "<group>"; };
		677170E4299D366400C18CC9 /* WeakSequence.swift */ = {isa = PBXFileReference; lastKnownFileType = sourcecode.swift; path = WeakSequence.swift; sourceTree = "<group>"; };
		677170E6299D36D800C18CC9 /* Weak.swift */ = {isa = PBXFileReference; lastKnownFileType = sourcecode.swift; path = Weak.swift; sourceTree = "<group>"; };
		677170E8299D372000C18CC9 /* Locking.swift */ = {isa = PBXFileReference; lastKnownFileType = sourcecode.swift; path = Locking.swift; sourceTree = "<group>"; };
		677170EA299D382200C18CC9 /* VideoRepository.swift */ = {isa = PBXFileReference; lastKnownFileType = sourcecode.swift; path = VideoRepository.swift; sourceTree = "<group>"; };
		677170EC299D403D00C18CC9 /* VideoPlayer.swift */ = {isa = PBXFileReference; lastKnownFileType = sourcecode.swift; path = VideoPlayer.swift; sourceTree = "<group>"; };
/* End PBXFileReference section */

/* Begin PBXFrameworksBuildPhase section */
		677170B3299BB43300C18CC9 /* Frameworks */ = {
			isa = PBXFrameworksBuildPhase;
			buildActionMask = 2147483647;
			files = (
			);
			runOnlyForDeploymentPostprocessing = 0;
		};
/* End PBXFrameworksBuildPhase section */

/* Begin PBXGroup section */
		671487C229BE4FAC00B89CAF /* MVP */ = {
			isa = PBXGroup;
			children = (
				677170BD299BB43300C18CC9 /* VideoWaveMVPViewController.swift */,
				677170CD299BB78800C18CC9 /* VideoWavePresenter.swift */,
			);
			path = MVP;
			sourceTree = "<group>";
		};
		671487C329BE4FC000B89CAF /* Core */ = {
			isa = PBXGroup;
			children = (
				677170EC299D403D00C18CC9 /* VideoPlayer.swift */,
				677170EA299D382200C18CC9 /* VideoRepository.swift */,
				671487D629BE54B900B89CAF /* VideoWaveFeedView.swift */,
				677170D6299BBA2A00C18CC9 /* Cells */,
			);
			path = Core;
			sourceTree = "<group>";
		};
		671487C429BE4FD600B89CAF /* UDF */ = {
			isa = PBXGroup;
			children = (
				671487D829BE55F000B89CAF /* VideoWaveUDFViewController.swift */,
				671487D429BE511D00B89CAF /* VideoWaveReducer.swift */,
				671487DA29BE6C1900B89CAF /* VideoWavePlayerEpic.swift */,
				671487DC29BE6C3A00B89CAF /* VideoWavePreloadEpic.swift */,
			);
			path = UDF;
			sourceTree = "<group>";
		};
		671487C529BE502100B89CAF /* Core */ = {
			isa = PBXGroup;
			children = (
				671487C729BE506C00B89CAF /* ReduxUI */,
				671487C629BE504800B89CAF /* Redux */,
			);
			path = Core;
			sourceTree = "<group>";
		};
		671487C629BE504800B89CAF /* Redux */ = {
			isa = PBXGroup;
			children = (
				671487CA29BE508F00B89CAF /* Epic.swift */,
				671487CE29BE508F00B89CAF /* EpicMiddleware.swift */,
				671487CD29BE508F00B89CAF /* Middleware.swift */,
				671487CC29BE508F00B89CAF /* Reducer.swift */,
				671487CB29BE508F00B89CAF /* Store.swift */,
			);
			path = Redux;
			sourceTree = "<group>";
		};
		671487C729BE506C00B89CAF /* ReduxUI */ = {
			isa = PBXGroup;
			children = (
				671487C829BE508800B89CAF /* ReduxViewModel.swift */,
			);
			path = ReduxUI;
			sourceTree = "<group>";
		};
		677170AD299BB43300C18CC9 = {
			isa = PBXGroup;
			children = (
				677170B8299BB43300C18CC9 /* VideoWave */,
				677170B7299BB43300C18CC9 /* Products */,
			);
			sourceTree = "<group>";
		};
		677170B7299BB43300C18CC9 /* Products */ = {
			isa = PBXGroup;
			children = (
				677170B6299BB43300C18CC9 /* VideoWave.app */,
			);
			name = Products;
			sourceTree = "<group>";
		};
		677170B8299BB43300C18CC9 /* VideoWave */ = {
			isa = PBXGroup;
			children = (
				671487C529BE502100B89CAF /* Core */,
				677170DD299D1CCD00C18CC9 /* Utils */,
				677170D5299BBA1700C18CC9 /* VideoWave */,
				677170B9299BB43300C18CC9 /* AppDelegate.swift */,
				677170C2299BB43500C18CC9 /* Assets.xcassets */,
				677170C4299BB43500C18CC9 /* LaunchScreen.storyboard */,
				677170C7299BB43500C18CC9 /* Info.plist */,
			);
			path = VideoWave;
			sourceTree = "<group>";
		};
		677170D5299BBA1700C18CC9 /* VideoWave */ = {
			isa = PBXGroup;
			children = (
				671487C229BE4FAC00B89CAF /* MVP */,
				671487C429BE4FD600B89CAF /* UDF */,
				671487C329BE4FC000B89CAF /* Core */,
			);
			path = VideoWave;
			sourceTree = "<group>";
		};
		677170D6299BBA2A00C18CC9 /* Cells */ = {
			isa = PBXGroup;
			children = (
				677170D7299BBA4C00C18CC9 /* VideoWaveLoadingCell.swift */,
				677170D9299BBA5700C18CC9 /* VideoWavePlayingVideoCell.swift */,
				677170DB299BBA6100C18CC9 /* VideoWaveVideoCell.swift */,
			);
			path = Cells;
			sourceTree = "<group>";
		};
		677170DD299D1CCD00C18CC9 /* Utils */ = {
			isa = PBXGroup;
			children = (
				677170DE299D1CDF00C18CC9 /* UITableView+Utils.swift */,
				677170E0299D1CF600C18CC9 /* Collection+Utils.swift */,
				677170E4299D366400C18CC9 /* WeakSequence.swift */,
				677170E6299D36D800C18CC9 /* Weak.swift */,
				677170E8299D372000C18CC9 /* Locking.swift */,
			);
			path = Utils;
			sourceTree = "<group>";
		};
/* End PBXGroup section */

/* Begin PBXNativeTarget section */
		677170B5299BB43300C18CC9 /* VideoWave */ = {
			isa = PBXNativeTarget;
			buildConfigurationList = 677170CA299BB43500C18CC9 /* Build configuration list for PBXNativeTarget "VideoWave" */;
			buildPhases = (
				677170B2299BB43300C18CC9 /* Sources */,
				677170B3299BB43300C18CC9 /* Frameworks */,
				677170B4299BB43300C18CC9 /* Resources */,
			);
			buildRules = (
			);
			dependencies = (
			);
			name = VideoWave;
			productName = VideoWave;
			productReference = 677170B6299BB43300C18CC9 /* VideoWave.app */;
			productType = "com.apple.product-type.application";
		};
/* End PBXNativeTarget section */

/* Begin PBXProject section */
		677170AE299BB43300C18CC9 /* Project object */ = {
			isa = PBXProject;
			attributes = {
				BuildIndependentTargetsInParallel = 1;
				LastSwiftUpdateCheck = 1400;
				LastUpgradeCheck = 1400;
				TargetAttributes = {
					677170B5299BB43300C18CC9 = {
						CreatedOnToolsVersion = 14.0;
					};
				};
			};
			buildConfigurationList = 677170B1299BB43300C18CC9 /* Build configuration list for PBXProject "VideoWave" */;
			compatibilityVersion = "Xcode 14.0";
			developmentRegion = en;
			hasScannedForEncodings = 0;
			knownRegions = (
				en,
				Base,
			);
			mainGroup = 677170AD299BB43300C18CC9;
			productRefGroup = 677170B7299BB43300C18CC9 /* Products */;
			projectDirPath = "";
			projectRoot = "";
			targets = (
				677170B5299BB43300C18CC9 /* VideoWave */,
			);
		};
/* End PBXProject section */

/* Begin PBXResourcesBuildPhase section */
		677170B4299BB43300C18CC9 /* Resources */ = {
			isa = PBXResourcesBuildPhase;
			buildActionMask = 2147483647;
			files = (
				677170C6299BB43500C18CC9 /* LaunchScreen.storyboard in Resources */,
				677170C3299BB43500C18CC9 /* Assets.xcassets in Resources */,
			);
			runOnlyForDeploymentPostprocessing = 0;
		};
/* End PBXResourcesBuildPhase section */

/* Begin PBXSourcesBuildPhase section */
		677170B2299BB43300C18CC9 /* Sources */ = {
			isa = PBXSourcesBuildPhase;
			buildActionMask = 2147483647;
			files = (
				671487D229BE508F00B89CAF /* Middleware.swift in Sources */,
				677170ED299D403D00C18CC9 /* VideoPlayer.swift in Sources */,
				677170BE299BB43300C18CC9 /* VideoWaveMVPViewController.swift in Sources */,
				671487D729BE54B900B89CAF /* VideoWaveFeedView.swift in Sources */,
				677170CE299BB78800C18CC9 /* VideoWavePresenter.swift in Sources */,
				671487C929BE508800B89CAF /* ReduxViewModel.swift in Sources */,
				677170DA299BBA5700C18CC9 /* VideoWavePlayingVideoCell.swift in Sources */,
				677170DC299BBA6100C18CC9 /* VideoWaveVideoCell.swift in Sources */,
				671487D929BE55F000B89CAF /* VideoWaveUDFViewController.swift in Sources */,
				671487CF29BE508F00B89CAF /* Epic.swift in Sources */,
				677170BA299BB43300C18CC9 /* AppDelegate.swift in Sources */,
				677170EB299D382200C18CC9 /* VideoRepository.swift in Sources */,
				677170E7299D36D800C18CC9 /* Weak.swift in Sources */,
				671487D029BE508F00B89CAF /* Store.swift in Sources */,
				677170E1299D1CF600C18CC9 /* Collection+Utils.swift in Sources */,
				677170E9299D372000C18CC9 /* Locking.swift in Sources */,
				671487D129BE508F00B89CAF /* Reducer.swift in Sources */,
				671487D529BE511D00B89CAF /* VideoWaveReducer.swift in Sources */,
				677170D8299BBA4C00C18CC9 /* VideoWaveLoadingCell.swift in Sources */,
				677170E5299D366400C18CC9 /* WeakSequence.swift in Sources */,
				671487DB29BE6C1900B89CAF /* VideoWavePlayerEpic.swift in Sources */,
				671487D329BE508F00B89CAF /* EpicMiddleware.swift in Sources */,
				677170DF299D1CDF00C18CC9 /* UITableView+Utils.swift in Sources */,
				671487DD29BE6C3A00B89CAF /* VideoWavePreloadEpic.swift in Sources */,
			);
			runOnlyForDeploymentPostprocessing = 0;
		};
/* End PBXSourcesBuildPhase section */

/* Begin PBXVariantGroup section */
		677170C4299BB43500C18CC9 /* LaunchScreen.storyboard */ = {
			isa = PBXVariantGroup;
			children = (
				677170C5299BB43500C18CC9 /* Base */,
			);
			name = LaunchScreen.storyboard;
			sourceTree = "<group>";
		};
/* End PBXVariantGroup section */

/* Begin XCBuildConfiguration section */
		677170C8299BB43500C18CC9 /* Debug */ = {
			isa = XCBuildConfiguration;
			buildSettings = {
				ALWAYS_SEARCH_USER_PATHS = NO;
				CLANG_ANALYZER_NONNULL = YES;
				CLANG_ANALYZER_NUMBER_OBJECT_CONVERSION = YES_AGGRESSIVE;
				CLANG_CXX_LANGUAGE_STANDARD = "gnu++20";
				CLANG_ENABLE_MODULES = YES;
				CLANG_ENABLE_OBJC_ARC = YES;
				CLANG_ENABLE_OBJC_WEAK = YES;
				CLANG_WARN_BLOCK_CAPTURE_AUTORELEASING = YES;
				CLANG_WARN_BOOL_CONVERSION = YES;
				CLANG_WARN_COMMA = YES;
				CLANG_WARN_CONSTANT_CONVERSION = YES;
				CLANG_WARN_DEPRECATED_OBJC_IMPLEMENTATIONS = YES;
				CLANG_WARN_DIRECT_OBJC_ISA_USAGE = YES_ERROR;
				CLANG_WARN_DOCUMENTATION_COMMENTS = YES;
				CLANG_WARN_EMPTY_BODY = YES;
				CLANG_WARN_ENUM_CONVERSION = YES;
				CLANG_WARN_INFINITE_RECURSION = YES;
				CLANG_WARN_INT_CONVERSION = YES;
				CLANG_WARN_NON_LITERAL_NULL_CONVERSION = YES;
				CLANG_WARN_OBJC_IMPLICIT_RETAIN_SELF = YES;
				CLANG_WARN_OBJC_LITERAL_CONVERSION = YES;
				CLANG_WARN_OBJC_ROOT_CLASS = YES_ERROR;
				CLANG_WARN_QUOTED_INCLUDE_IN_FRAMEWORK_HEADER = YES;
				CLANG_WARN_RANGE_LOOP_ANALYSIS = YES;
				CLANG_WARN_STRICT_PROTOTYPES = YES;
				CLANG_WARN_SUSPICIOUS_MOVE = YES;
				CLANG_WARN_UNGUARDED_AVAILABILITY = YES_AGGRESSIVE;
				CLANG_WARN_UNREACHABLE_CODE = YES;
				CLANG_WARN__DUPLICATE_METHOD_MATCH = YES;
				COPY_PHASE_STRIP = NO;
				DEBUG_INFORMATION_FORMAT = dwarf;
				ENABLE_STRICT_OBJC_MSGSEND = YES;
				ENABLE_TESTABILITY = YES;
				GCC_C_LANGUAGE_STANDARD = gnu11;
				GCC_DYNAMIC_NO_PIC = NO;
				GCC_NO_COMMON_BLOCKS = YES;
				GCC_OPTIMIZATION_LEVEL = 0;
				GCC_PREPROCESSOR_DEFINITIONS = (
					"DEBUG=1",
					"$(inherited)",
				);
				GCC_WARN_64_TO_32_BIT_CONVERSION = YES;
				GCC_WARN_ABOUT_RETURN_TYPE = YES_ERROR;
				GCC_WARN_UNDECLARED_SELECTOR = YES;
				GCC_WARN_UNINITIALIZED_AUTOS = YES_AGGRESSIVE;
				GCC_WARN_UNUSED_FUNCTION = YES;
				GCC_WARN_UNUSED_VARIABLE = YES;
				IPHONEOS_DEPLOYMENT_TARGET = 16.0;
				MTL_ENABLE_DEBUG_INFO = INCLUDE_SOURCE;
				MTL_FAST_MATH = YES;
				ONLY_ACTIVE_ARCH = YES;
				SDKROOT = iphoneos;
				SWIFT_ACTIVE_COMPILATION_CONDITIONS = DEBUG;
				SWIFT_OPTIMIZATION_LEVEL = "-Onone";
			};
			name = Debug;
		};
		677170C9299BB43500C18CC9 /* Release */ = {
			isa = XCBuildConfiguration;
			buildSettings = {
				ALWAYS_SEARCH_USER_PATHS = NO;
				CLANG_ANALYZER_NONNULL = YES;
				CLANG_ANALYZER_NUMBER_OBJECT_CONVERSION = YES_AGGRESSIVE;
				CLANG_CXX_LANGUAGE_STANDARD = "gnu++20";
				CLANG_ENABLE_MODULES = YES;
				CLANG_ENABLE_OBJC_ARC = YES;
				CLANG_ENABLE_OBJC_WEAK = YES;
				CLANG_WARN_BLOCK_CAPTURE_AUTORELEASING = YES;
				CLANG_WARN_BOOL_CONVERSION = YES;
				CLANG_WARN_COMMA = YES;
				CLANG_WARN_CONSTANT_CONVERSION = YES;
				CLANG_WARN_DEPRECATED_OBJC_IMPLEMENTATIONS = YES;
				CLANG_WARN_DIRECT_OBJC_ISA_USAGE = YES_ERROR;
				CLANG_WARN_DOCUMENTATION_COMMENTS = YES;
				CLANG_WARN_EMPTY_BODY = YES;
				CLANG_WARN_ENUM_CONVERSION = YES;
				CLANG_WARN_INFINITE_RECURSION = YES;
				CLANG_WARN_INT_CONVERSION = YES;
				CLANG_WARN_NON_LITERAL_NULL_CONVERSION = YES;
				CLANG_WARN_OBJC_IMPLICIT_RETAIN_SELF = YES;
				CLANG_WARN_OBJC_LITERAL_CONVERSION = YES;
				CLANG_WARN_OBJC_ROOT_CLASS = YES_ERROR;
				CLANG_WARN_QUOTED_INCLUDE_IN_FRAMEWORK_HEADER = YES;
				CLANG_WARN_RANGE_LOOP_ANALYSIS = YES;
				CLANG_WARN_STRICT_PROTOTYPES = YES;
				CLANG_WARN_SUSPICIOUS_MOVE = YES;
				CLANG_WARN_UNGUARDED_AVAILABILITY = YES_AGGRESSIVE;
				CLANG_WARN_UNREACHABLE_CODE = YES;
				CLANG_WARN__DUPLICATE_METHOD_MATCH = YES;
				COPY_PHASE_STRIP = NO;
				DEBUG_INFORMATION_FORMAT = "dwarf-with-dsym";
				ENABLE_NS_ASSERTIONS = NO;
				ENABLE_STRICT_OBJC_MSGSEND = YES;
				GCC_C_LANGUAGE_STANDARD = gnu11;
				GCC_NO_COMMON_BLOCKS = YES;
				GCC_WARN_64_TO_32_BIT_CONVERSION = YES;
				GCC_WARN_ABOUT_RETURN_TYPE = YES_ERROR;
				GCC_WARN_UNDECLARED_SELECTOR = YES;
				GCC_WARN_UNINITIALIZED_AUTOS = YES_AGGRESSIVE;
				GCC_WARN_UNUSED_FUNCTION = YES;
				GCC_WARN_UNUSED_VARIABLE = YES;
				IPHONEOS_DEPLOYMENT_TARGET = 16.0;
				MTL_ENABLE_DEBUG_INFO = NO;
				MTL_FAST_MATH = YES;
				SDKROOT = iphoneos;
				SWIFT_COMPILATION_MODE = wholemodule;
				SWIFT_OPTIMIZATION_LEVEL = "-O";
				VALIDATE_PRODUCT = YES;
			};
			name = Release;
		};
		677170CB299BB43500C18CC9 /* Debug */ = {
			isa = XCBuildConfiguration;
			buildSettings = {
				ASSETCATALOG_COMPILER_APPICON_NAME = AppIcon;
				ASSETCATALOG_COMPILER_GLOBAL_ACCENT_COLOR_NAME = AccentColor;
				CODE_SIGN_STYLE = Automatic;
				CURRENT_PROJECT_VERSION = 1;
				DEVELOPMENT_TEAM = B7367XHKLA;
				GENERATE_INFOPLIST_FILE = YES;
				INFOPLIST_FILE = VideoWave/Info.plist;
				INFOPLIST_KEY_UIApplicationSupportsIndirectInputEvents = YES;
				INFOPLIST_KEY_UILaunchStoryboardName = LaunchScreen.storyboard;
				INFOPLIST_KEY_UIMainStoryboardFile = "";
				INFOPLIST_KEY_UISupportedInterfaceOrientations_iPad = "UIInterfaceOrientationPortrait UIInterfaceOrientationPortraitUpsideDown UIInterfaceOrientationLandscapeLeft UIInterfaceOrientationLandscapeRight";
				INFOPLIST_KEY_UISupportedInterfaceOrientations_iPhone = "UIInterfaceOrientationPortrait UIInterfaceOrientationLandscapeLeft UIInterfaceOrientationLandscapeRight";
				LD_RUNPATH_SEARCH_PATHS = (
					"$(inherited)",
					"@executable_path/Frameworks",
				);
				MARKETING_VERSION = 1.0;
				PRODUCT_BUNDLE_IDENTIFIER = spolisapstom.VideoWave;
				PRODUCT_NAME = "$(TARGET_NAME)";
				SWIFT_EMIT_LOC_STRINGS = YES;
				SWIFT_VERSION = 5.0;
				TARGETED_DEVICE_FAMILY = "1,2";
			};
			name = Debug;
		};
		677170CC299BB43500C18CC9 /* Release */ = {
			isa = XCBuildConfiguration;
			buildSettings = {
				ASSETCATALOG_COMPILER_APPICON_NAME = AppIcon;
				ASSETCATALOG_COMPILER_GLOBAL_ACCENT_COLOR_NAME = AccentColor;
				CODE_SIGN_STYLE = Automatic;
				CURRENT_PROJECT_VERSION = 1;
				DEVELOPMENT_TEAM = B7367XHKLA;
				GENERATE_INFOPLIST_FILE = YES;
				INFOPLIST_FILE = VideoWave/Info.plist;
				INFOPLIST_KEY_UIApplicationSupportsIndirectInputEvents = YES;
				INFOPLIST_KEY_UILaunchStoryboardName = LaunchScreen.storyboard;
				INFOPLIST_KEY_UIMainStoryboardFile = "";
				INFOPLIST_KEY_UISupportedInterfaceOrientations_iPad = "UIInterfaceOrientationPortrait UIInterfaceOrientationPortraitUpsideDown UIInterfaceOrientationLandscapeLeft UIInterfaceOrientationLandscapeRight";
				INFOPLIST_KEY_UISupportedInterfaceOrientations_iPhone = "UIInterfaceOrientationPortrait UIInterfaceOrientationLandscapeLeft UIInterfaceOrientationLandscapeRight";
				LD_RUNPATH_SEARCH_PATHS = (
					"$(inherited)",
					"@executable_path/Frameworks",
				);
				MARKETING_VERSION = 1.0;
				PRODUCT_BUNDLE_IDENTIFIER = spolisapstom.VideoWave;
				PRODUCT_NAME = "$(TARGET_NAME)";
				SWIFT_EMIT_LOC_STRINGS = YES;
				SWIFT_VERSION = 5.0;
				TARGETED_DEVICE_FAMILY = "1,2";
			};
			name = Release;
		};
/* End XCBuildConfiguration section */

/* Begin XCConfigurationList section */
		677170B1299BB43300C18CC9 /* Build configuration list for PBXProject "VideoWave" */ = {
			isa = XCConfigurationList;
			buildConfigurations = (
				677170C8299BB43500C18CC9 /* Debug */,
				677170C9299BB43500C18CC9 /* Release */,
			);
			defaultConfigurationIsVisible = 0;
			defaultConfigurationName = Release;
		};
		677170CA299BB43500C18CC9 /* Build configuration list for PBXNativeTarget "VideoWave" */ = {
			isa = XCConfigurationList;
			buildConfigurations = (
				677170CB299BB43500C18CC9 /* Debug */,
				677170CC299BB43500C18CC9 /* Release */,
			);
			defaultConfigurationIsVisible = 0;
			defaultConfigurationName = Release;
		};
/* End XCConfigurationList section */
	};
	rootObject = 677170AE299BB43300C18CC9 /* Project object */;
}
